
Microsoft Visual Studio Solution File, Format Version 12.00
# Visual Studio Version 16
VisualStudioVersion = 16.0.29503.13
MinimumVisualStudioVersion = 10.0.40219.1
Project("{FAE04EC0-301F-11D3-BF4B-00C04F79EFBC}") = "OnlineAttendanse", "OnlineAttendanse.csproj", "{88BF6760-C243-4649-8CC4-6E2866010C1D}"
EndProject
Global
	GlobalSection(SolutionConfigurationPlatforms) = preSolution
		Debug|Any CPU = Debug|Any CPU
		Release|Any CPU = Release|Any CPU
	EndGlobalSection
	GlobalSection(ProjectConfigurationPlatforms) = postSolution
		{88BF6760-C243-4649-8CC4-6E2866010C1D}.Debug|Any CPU.ActiveCfg = Debug|Any CPU
		{88BF6760-C243-4649-8CC4-6E2866010C1D}.Debug|Any CPU.Build.0 = Debug|Any CPU
		{88BF6760-C243-4649-8CC4-6E2866010C1D}.Release|Any CPU.ActiveCfg = Release|Any CPU
		{88BF6760-C243-4649-8CC4-6E2866010C1D}.Release|Any CPU.Build.0 = Release|Any CPU
	EndGlobalSection
	GlobalSection(SolutionProperties) = preSolution
		HideSolutionNode = FALSE
	EndGlobalSection
	GlobalSection(ExtensibilityGlobals) = postSolution
		SolutionGuid = {063C18FF-769B-48D8-A50C-D5B302366719}
	EndGlobalSection
EndGlobal
